// !$*UTF8*$!
{
	archiveVersion = 1;
	classes = {
	};
	objectVersion = 46;
	objects = {

/* Begin PBXBuildFile section */
		260D188017A34146007D0044 /* icn_57x57.png in Resources */ = {isa = PBXBuildFile; fileRef = 260D187C17A34146007D0044 /* icn_57x57.png */; };
		260D188117A34146007D0044 /* icn_72x72.png in Resources */ = {isa = PBXBuildFile; fileRef = 260D187D17A34146007D0044 /* icn_72x72.png */; };
		260D188217A34146007D0044 /* icn_114x114.png in Resources */ = {isa = PBXBuildFile; fileRef = 260D187E17A34146007D0044 /* icn_114x114.png */; };
		260D188317A34146007D0044 /* icn_144x144.png in Resources */ = {isa = PBXBuildFile; fileRef = 260D187F17A34146007D0044 /* icn_144x144.png */; };
		260D188517A3416C007D0044 /* icn_57x57.png in Resources */ = {isa = PBXBuildFile; fileRef = 260D188417A3416C007D0044 /* icn_57x57.png */; };
		260D188717A3417E007D0044 /* icn_114x114.png in Resources */ = {isa = PBXBuildFile; fileRef = 260D188617A3417E007D0044 /* icn_114x114.png */; };
		260D188917A34194007D0044 /* icn_72x72.png in Resources */ = {isa = PBXBuildFile; fileRef = 260D188817A34194007D0044 /* icn_72x72.png */; };
		260D188B17A34199007D0044 /* icn_144x144.png in Resources */ = {isa = PBXBuildFile; fileRef = 260D188A17A34199007D0044 /* icn_144x144.png */; };
		2654D1E2179893350024266A /* UIKit.framework in Frameworks */ = {isa = PBXBuildFile; fileRef = 2654D1E1179893350024266A /* UIKit.framework */; };
		2654D1E4179893350024266A /* Foundation.framework in Frameworks */ = {isa = PBXBuildFile; fileRef = 2654D1E3179893350024266A /* Foundation.framework */; };
		2654D1E6179893350024266A /* CoreGraphics.framework in Frameworks */ = {isa = PBXBuildFile; fileRef = 2654D1E5179893350024266A /* CoreGraphics.framework */; };
		2654D1EC179893350024266A /* InfoPlist.strings in Resources */ = {isa = PBXBuildFile; fileRef = 2654D1EA179893350024266A /* InfoPlist.strings */; };
		2654D1EE179893350024266A /* main.m in Sources */ = {isa = PBXBuildFile; fileRef = 2654D1ED179893350024266A /* main.m */; };
		2654D1F2179893350024266A /* AppDelegate.m in Sources */ = {isa = PBXBuildFile; fileRef = 2654D1F1179893350024266A /* AppDelegate.m */; };
		2654D1F4179893350024266A /* Default.png in Resources */ = {isa = PBXBuildFile; fileRef = 2654D1F3179893350024266A /* Default.png */; };
		2654D1F6179893350024266A /* Default@2x.png in Resources */ = {isa = PBXBuildFile; fileRef = 2654D1F5179893350024266A /* Default@2x.png */; };
		2654D1F8179893350024266A /* Default-568h@2x.png in Resources */ = {isa = PBXBuildFile; fileRef = 2654D1F7179893350024266A /* Default-568h@2x.png */; };
		2654D1FB179893350024266A /* MainStoryboard_iPhone.storyboard in Resources */ = {isa = PBXBuildFile; fileRef = 2654D1F9179893350024266A /* MainStoryboard_iPhone.storyboard */; };
		2654D208179893350024266A /* StatusViewController.m in Sources */ = {isa = PBXBuildFile; fileRef = 2654D207179893350024266A /* StatusViewController.m */; };
		2654D214179894260024266A /* RemoteViewController.m in Sources */ = {isa = PBXBuildFile; fileRef = 2654D213179894260024266A /* RemoteViewController.m */; };
		2654D21717989EF40024266A /* SensorsController.m in Sources */ = {isa = PBXBuildFile; fileRef = 2654D21617989EF40024266A /* SensorsController.m */; };
		2654D21A17989F0C0024266A /* TellySensor.m in Sources */ = {isa = PBXBuildFile; fileRef = 2654D21917989F0C0024266A /* TellySensor.m */; };
		2654D21D1798A4D50024266A /* Utils.m in Sources */ = {isa = PBXBuildFile; fileRef = 2654D21C1798A4D50024266A /* Utils.m */; };
		2654D21F1798A4F30024266A /* CoreBluetooth.framework in Frameworks */ = {isa = PBXBuildFile; fileRef = 2654D21E1798A4F30024266A /* CoreBluetooth.framework */; };
		72A8B02B17EF498100F606A3 /* button_border.png in Resources */ = {isa = PBXBuildFile; fileRef = 72A8B02517EF498100F606A3 /* button_border.png */; };
		72A8B02C17EF498100F606A3 /* dn.png in Resources */ = {isa = PBXBuildFile; fileRef = 72A8B02617EF498100F606A3 /* dn.png */; };
		72A8B02D17EF498100F606A3 /* left.png in Resources */ = {isa = PBXBuildFile; fileRef = 72A8B02717EF498100F606A3 /* left.png */; };
		72A8B02E17EF498100F606A3 /* nav_circle.png in Resources */ = {isa = PBXBuildFile; fileRef = 72A8B02817EF498100F606A3 /* nav_circle.png */; };
		72A8B02F17EF498100F606A3 /* right.png in Resources */ = {isa = PBXBuildFile; fileRef = 72A8B02917EF498100F606A3 /* right.png */; };
		72A8B03017EF498100F606A3 /* up.png in Resources */ = {isa = PBXBuildFile; fileRef = 72A8B02A17EF498100F606A3 /* up.png */; };
		72A8B03217EF54CC00F606A3 /* bbbb.png in Resources */ = {isa = PBXBuildFile; fileRef = 72A8B03117EF54CC00F606A3 /* bbbb.png */; };
		72A8B03417EF54D500F606A3 /* vol_up.png in Resources */ = {isa = PBXBuildFile; fileRef = 72A8B03317EF54D500F606A3 /* vol_up.png */; };
		72A8B03817EF576A00F606A3 /* button_border_power.png in Resources */ = {isa = PBXBuildFile; fileRef = 72A8B03517EF576A00F606A3 /* button_border_power.png */; };
		72A8B03917EF576A00F606A3 /* button_border_square.png in Resources */ = {isa = PBXBuildFile; fileRef = 72A8B03617EF576A00F606A3 /* button_border_square.png */; };
		72A8B03A17EF576A00F606A3 /* vol_dn.png in Resources */ = {isa = PBXBuildFile; fileRef = 72A8B03717EF576A00F606A3 /* vol_dn.png */; };
		72A8B03C17EF5AD600F606A3 /* telly.png in Resources */ = {isa = PBXBuildFile; fileRef = 72A8B03B17EF5AD600F606A3 /* telly.png */; };
		72A8B03E17EF7D6400F606A3 /* Images.xcassets in Resources */ = {isa = PBXBuildFile; fileRef = 72A8B03D17EF7D6400F606A3 /* Images.xcassets */; };
/* End PBXBuildFile section */

/* Begin PBXFileReference section */
		260D187C17A34146007D0044 /* icn_57x57.png */ = {isa = PBXFileReference; lastKnownFileType = image.png; path = icn_57x57.png; sourceTree = "<group>"; };
		260D187D17A34146007D0044 /* icn_72x72.png */ = {isa = PBXFileReference; lastKnownFileType = image.png; path = icn_72x72.png; sourceTree = "<group>"; };
		260D187E17A34146007D0044 /* icn_114x114.png */ = {isa = PBXFileReference; lastKnownFileType = image.png; path = icn_114x114.png; sourceTree = "<group>"; };
		260D187F17A34146007D0044 /* icn_144x144.png */ = {isa = PBXFileReference; lastKnownFileType = image.png; path = icn_144x144.png; sourceTree = "<group>"; };
		260D188417A3416C007D0044 /* icn_57x57.png */ = {isa = PBXFileReference; lastKnownFileType = image.png; path = icn_57x57.png; sourceTree = "<group>"; };
		260D188617A3417E007D0044 /* icn_114x114.png */ = {isa = PBXFileReference; lastKnownFileType = image.png; path = icn_114x114.png; sourceTree = "<group>"; };
		260D188817A34194007D0044 /* icn_72x72.png */ = {isa = PBXFileReference; lastKnownFileType = image.png; path = icn_72x72.png; sourceTree = "<group>"; };
		260D188A17A34199007D0044 /* icn_144x144.png */ = {isa = PBXFileReference; lastKnownFileType = image.png; path = icn_144x144.png; sourceTree = "<group>"; };
		2654D1DE179893350024266A /* BLE-REMOTE.app */ = {isa = PBXFileReference; explicitFileType = wrapper.application; includeInIndex = 0; path = "BLE-REMOTE.app"; sourceTree = BUILT_PRODUCTS_DIR; };
		2654D1E1179893350024266A /* UIKit.framework */ = {isa = PBXFileReference; lastKnownFileType = wrapper.framework; name = UIKit.framework; path = System/Library/Frameworks/UIKit.framework; sourceTree = SDKROOT; };
		2654D1E3179893350024266A /* Foundation.framework */ = {isa = PBXFileReference; lastKnownFileType = wrapper.framework; name = Foundation.framework; path = System/Library/Frameworks/Foundation.framework; sourceTree = SDKROOT; };
		2654D1E5179893350024266A /* CoreGraphics.framework */ = {isa = PBXFileReference; lastKnownFileType = wrapper.framework; name = CoreGraphics.framework; path = System/Library/Frameworks/CoreGraphics.framework; sourceTree = SDKROOT; };
		2654D1E9179893350024266A /* BLE-REMOTE-Info.plist */ = {isa = PBXFileReference; lastKnownFileType = text.plist.xml; path = "BLE-REMOTE-Info.plist"; sourceTree = "<group>"; };
		2654D1EB179893350024266A /* en */ = {isa = PBXFileReference; lastKnownFileType = text.plist.strings; name = en; path = en.lproj/InfoPlist.strings; sourceTree = "<group>"; };
		2654D1ED179893350024266A /* main.m */ = {isa = PBXFileReference; lastKnownFileType = sourcecode.c.objc; path = main.m; sourceTree = "<group>"; };
		2654D1EF179893350024266A /* BLE-REMOTE-Prefix.pch */ = {isa = PBXFileReference; lastKnownFileType = sourcecode.c.h; path = "BLE-REMOTE-Prefix.pch"; sourceTree = "<group>"; };
		2654D1F0179893350024266A /* AppDelegate.h */ = {isa = PBXFileReference; lastKnownFileType = sourcecode.c.h; path = AppDelegate.h; sourceTree = "<group>"; };
		2654D1F1179893350024266A /* AppDelegate.m */ = {isa = PBXFileReference; lastKnownFileType = sourcecode.c.objc; path = AppDelegate.m; sourceTree = "<group>"; };
		2654D1F3179893350024266A /* Default.png */ = {isa = PBXFileReference; lastKnownFileType = image.png; path = Default.png; sourceTree = "<group>"; };
		2654D1F5179893350024266A /* Default@2x.png */ = {isa = PBXFileReference; lastKnownFileType = image.png; path = "Default@2x.png"; sourceTree = "<group>"; };
		2654D1F7179893350024266A /* Default-568h@2x.png */ = {isa = PBXFileReference; lastKnownFileType = image.png; path = "Default-568h@2x.png"; sourceTree = "<group>"; };
		2654D1FA179893350024266A /* en */ = {isa = PBXFileReference; lastKnownFileType = file.storyboard; name = en; path = en.lproj/MainStoryboard_iPhone.storyboard; sourceTree = "<group>"; };
		2654D206179893350024266A /* StatusViewController.h */ = {isa = PBXFileReference; lastKnownFileType = sourcecode.c.h; path = StatusViewController.h; sourceTree = "<group>"; };
		2654D207179893350024266A /* StatusViewController.m */ = {isa = PBXFileReference; lastKnownFileType = sourcecode.c.objc; path = StatusViewController.m; sourceTree = "<group>"; };
		2654D212179894260024266A /* RemoteViewController.h */ = {isa = PBXFileReference; fileEncoding = 4; lastKnownFileType = sourcecode.c.h; path = RemoteViewController.h; sourceTree = "<group>"; };
		2654D213179894260024266A /* RemoteViewController.m */ = {isa = PBXFileReference; fileEncoding = 4; lastKnownFileType = sourcecode.c.objc; path = RemoteViewController.m; sourceTree = "<group>"; };
		2654D21517989EF40024266A /* SensorsController.h */ = {isa = PBXFileReference; fileEncoding = 4; lastKnownFileType = sourcecode.c.h; path = SensorsController.h; sourceTree = "<group>"; };
		2654D21617989EF40024266A /* SensorsController.m */ = {isa = PBXFileReference; fileEncoding = 4; lastKnownFileType = sourcecode.c.objc; path = SensorsController.m; sourceTree = "<group>"; };
		2654D21817989F0C0024266A /* TellySensor.h */ = {isa = PBXFileReference; fileEncoding = 4; lastKnownFileType = sourcecode.c.h; path = TellySensor.h; sourceTree = "<group>"; };
		2654D21917989F0C0024266A /* TellySensor.m */ = {isa = PBXFileReference; fileEncoding = 4; lastKnownFileType = sourcecode.c.objc; path = TellySensor.m; sourceTree = "<group>"; };
		2654D21B1798A4D50024266A /* Utils.h */ = {isa = PBXFileReference; fileEncoding = 4; lastKnownFileType = sourcecode.c.h; path = Utils.h; sourceTree = "<group>"; };
		2654D21C1798A4D50024266A /* Utils.m */ = {isa = PBXFileReference; fileEncoding = 4; lastKnownFileType = sourcecode.c.objc; path = Utils.m; sourceTree = "<group>"; };
		2654D21E1798A4F30024266A /* CoreBluetooth.framework */ = {isa = PBXFileReference; lastKnownFileType = wrapper.framework; name = CoreBluetooth.framework; path = System/Library/Frameworks/CoreBluetooth.framework; sourceTree = SDKROOT; };
		72A8B02517EF498100F606A3 /* button_border.png */ = {isa = PBXFileReference; lastKnownFileType = image.png; path = button_border.png; sourceTree = "<group>"; };
		72A8B02617EF498100F606A3 /* dn.png */ = {isa = PBXFileReference; lastKnownFileType = image.png; path = dn.png; sourceTree = "<group>"; };
		72A8B02717EF498100F606A3 /* left.png */ = {isa = PBXFileReference; lastKnownFileType = image.png; path = left.png; sourceTree = "<group>"; };
		72A8B02817EF498100F606A3 /* nav_circle.png */ = {isa = PBXFileReference; lastKnownFileType = image.png; path = nav_circle.png; sourceTree = "<group>"; };
		72A8B02917EF498100F606A3 /* right.png */ = {isa = PBXFileReference; lastKnownFileType = image.png; path = right.png; sourceTree = "<group>"; };
		72A8B02A17EF498100F606A3 /* up.png */ = {isa = PBXFileReference; lastKnownFileType = image.png; path = up.png; sourceTree = "<group>"; };
		72A8B03117EF54CC00F606A3 /* bbbb.png */ = {isa = PBXFileReference; lastKnownFileType = image.png; path = bbbb.png; sourceTree = "<group>"; };
		72A8B03317EF54D500F606A3 /* vol_up.png */ = {isa = PBXFileReference; lastKnownFileType = image.png; path = vol_up.png; sourceTree = "<group>"; };
		72A8B03517EF576A00F606A3 /* button_border_power.png */ = {isa = PBXFileReference; lastKnownFileType = image.png; path = button_border_power.png; sourceTree = "<group>"; };
		72A8B03617EF576A00F606A3 /* button_border_square.png */ = {isa = PBXFileReference; lastKnownFileType = image.png; path = button_border_square.png; sourceTree = "<group>"; };
		72A8B03717EF576A00F606A3 /* vol_dn.png */ = {isa = PBXFileReference; lastKnownFileType = image.png; path = vol_dn.png; sourceTree = "<group>"; };
		72A8B03B17EF5AD600F606A3 /* telly.png */ = {isa = PBXFileReference; lastKnownFileType = image.png; path = telly.png; sourceTree = "<group>"; };
		72A8B03D17EF7D6400F606A3 /* Images.xcassets */ = {isa = PBXFileReference; lastKnownFileType = folder.assetcatalog; path = Images.xcassets; sourceTree = "<group>"; };
/* End PBXFileReference section */

/* Begin PBXFrameworksBuildPhase section */
		2654D1DB179893350024266A /* Frameworks */ = {
			isa = PBXFrameworksBuildPhase;
			buildActionMask = 2147483647;
			files = (
				2654D21F1798A4F30024266A /* CoreBluetooth.framework in Frameworks */,
				2654D1E2179893350024266A /* UIKit.framework in Frameworks */,
				2654D1E4179893350024266A /* Foundation.framework in Frameworks */,
				2654D1E6179893350024266A /* CoreGraphics.framework in Frameworks */,
			);
			runOnlyForDeploymentPostprocessing = 0;
		};
/* End PBXFrameworksBuildPhase section */

/* Begin PBXGroup section */
		2654D1D5179893350024266A = {
			isa = PBXGroup;
			children = (
				72A8B03B17EF5AD600F606A3 /* telly.png */,
				72A8B03517EF576A00F606A3 /* button_border_power.png */,
				72A8B03617EF576A00F606A3 /* button_border_square.png */,
				72A8B03717EF576A00F606A3 /* vol_dn.png */,
				72A8B03317EF54D500F606A3 /* vol_up.png */,
				72A8B02517EF498100F606A3 /* button_border.png */,
				72A8B02617EF498100F606A3 /* dn.png */,
				72A8B02717EF498100F606A3 /* left.png */,
				72A8B02817EF498100F606A3 /* nav_circle.png */,
				72A8B03117EF54CC00F606A3 /* bbbb.png */,
				72A8B02917EF498100F606A3 /* right.png */,
				72A8B02A17EF498100F606A3 /* up.png */,
				260D188A17A34199007D0044 /* icn_144x144.png */,
				260D188817A34194007D0044 /* icn_72x72.png */,
				260D188617A3417E007D0044 /* icn_114x114.png */,
				260D188417A3416C007D0044 /* icn_57x57.png */,
				2654D21E1798A4F30024266A /* CoreBluetooth.framework */,
				2654D1E7179893350024266A /* BLE-REMOTE */,
				2654D1E0179893350024266A /* Frameworks */,
				2654D1DF179893350024266A /* Products */,
			);
			sourceTree = "<group>";
		};
		2654D1DF179893350024266A /* Products */ = {
			isa = PBXGroup;
			children = (
				2654D1DE179893350024266A /* BLE-REMOTE.app */,
			);
			name = Products;
			sourceTree = "<group>";
		};
		2654D1E0179893350024266A /* Frameworks */ = {
			isa = PBXGroup;
			children = (
				2654D1E1179893350024266A /* UIKit.framework */,
				2654D1E3179893350024266A /* Foundation.framework */,
				2654D1E5179893350024266A /* CoreGraphics.framework */,
			);
			name = Frameworks;
			sourceTree = "<group>";
		};
		2654D1E7179893350024266A /* BLE-REMOTE */ = {
			isa = PBXGroup;
			children = (
				260D187C17A34146007D0044 /* icn_57x57.png */,
				260D187E17A34146007D0044 /* icn_114x114.png */,
				260D187D17A34146007D0044 /* icn_72x72.png */,
				260D187F17A34146007D0044 /* icn_144x144.png */,
				2654D21B1798A4D50024266A /* Utils.h */,
				2654D21C1798A4D50024266A /* Utils.m */,
				2654D21817989F0C0024266A /* TellySensor.h */,
				2654D21917989F0C0024266A /* TellySensor.m */,
				2654D21517989EF40024266A /* SensorsController.h */,
				2654D21617989EF40024266A /* SensorsController.m */,
				2654D212179894260024266A /* RemoteViewController.h */,
				2654D213179894260024266A /* RemoteViewController.m */,
				2654D1F0179893350024266A /* AppDelegate.h */,
				2654D1F1179893350024266A /* AppDelegate.m */,
				2654D1F9179893350024266A /* MainStoryboard_iPhone.storyboard */,
				2654D206179893350024266A /* StatusViewController.h */,
				2654D207179893350024266A /* StatusViewController.m */,
				72A8B03D17EF7D6400F606A3 /* Images.xcassets */,
				2654D1E8179893350024266A /* Supporting Files */,
			);
			path = "BLE-REMOTE";
			sourceTree = "<group>";
		};
		2654D1E8179893350024266A /* Supporting Files */ = {
			isa = PBXGroup;
			children = (
				2654D1E9179893350024266A /* BLE-REMOTE-Info.plist */,
				2654D1EA179893350024266A /* InfoPlist.strings */,
				2654D1ED179893350024266A /* main.m */,
				2654D1EF179893350024266A /* BLE-REMOTE-Prefix.pch */,
				2654D1F3179893350024266A /* Default.png */,
				2654D1F5179893350024266A /* Default@2x.png */,
				2654D1F7179893350024266A /* Default-568h@2x.png */,
			);
			name = "Supporting Files";
			sourceTree = "<group>";
		};
/* End PBXGroup section */

/* Begin PBXNativeTarget section */
		2654D1DD179893350024266A /* BLE-REMOTE */ = {
			isa = PBXNativeTarget;
			buildConfigurationList = 2654D20F179893350024266A /* Build configuration list for PBXNativeTarget "BLE-REMOTE" */;
			buildPhases = (
				2654D1DA179893350024266A /* Sources */,
				2654D1DB179893350024266A /* Frameworks */,
				2654D1DC179893350024266A /* Resources */,
			);
			buildRules = (
			);
			dependencies = (
			);
			name = "BLE-REMOTE";
			productName = "BLE-REMOTE";
			productReference = 2654D1DE179893350024266A /* BLE-REMOTE.app */;
			productType = "com.apple.product-type.application";
		};
/* End PBXNativeTarget section */

/* Begin PBXProject section */
		2654D1D6179893350024266A /* Project object */ = {
			isa = PBXProject;
			attributes = {
				LastUpgradeCheck = 0460;
				ORGANIZATIONNAME = sarunas.eu;
			};
			buildConfigurationList = 2654D1D9179893350024266A /* Build configuration list for PBXProject "BLE-REMOTE" */;
			compatibilityVersion = "Xcode 3.2";
			developmentRegion = English;
			hasScannedForEncodings = 0;
			knownRegions = (
				en,
			);
			mainGroup = 2654D1D5179893350024266A;
			productRefGroup = 2654D1DF179893350024266A /* Products */;
			projectDirPath = "";
			projectRoot = "";
			targets = (
				2654D1DD179893350024266A /* BLE-REMOTE */,
			);
		};
/* End PBXProject section */

/* Begin PBXResourcesBuildPhase section */
		2654D1DC179893350024266A /* Resources */ = {
			isa = PBXResourcesBuildPhase;
			buildActionMask = 2147483647;
			files = (
				72A8B03017EF498100F606A3 /* up.png in Resources */,
				2654D1EC179893350024266A /* InfoPlist.strings in Resources */,
				72A8B03A17EF576A00F606A3 /* vol_dn.png in Resources */,
				72A8B03217EF54CC00F606A3 /* bbbb.png in Resources */,
				2654D1F4179893350024266A /* Default.png in Resources */,
				2654D1F6179893350024266A /* Default@2x.png in Resources */,
				72A8B03C17EF5AD600F606A3 /* telly.png in Resources */,
				2654D1F8179893350024266A /* Default-568h@2x.png in Resources */,
				2654D1FB179893350024266A /* MainStoryboard_iPhone.storyboard in Resources */,
				72A8B03E17EF7D6400F606A3 /* Images.xcassets in Resources */,
				72A8B02B17EF498100F606A3 /* button_border.png in Resources */,
				72A8B03417EF54D500F606A3 /* vol_up.png in Resources */,
				72A8B03917EF576A00F606A3 /* button_border_square.png in Resources */,
				72A8B03817EF576A00F606A3 /* button_border_power.png in Resources */,
				260D188017A34146007D0044 /* icn_57x57.png in Resources */,
				260D188117A34146007D0044 /* icn_72x72.png in Resources */,
				72A8B02E17EF498100F606A3 /* nav_circle.png in Resources */,
				260D188217A34146007D0044 /* icn_114x114.png in Resources */,
				260D188317A34146007D0044 /* icn_144x144.png in Resources */,
				260D188517A3416C007D0044 /* icn_57x57.png in Resources */,
				260D188717A3417E007D0044 /* icn_114x114.png in Resources */,
				72A8B02F17EF498100F606A3 /* right.png in Resources */,
				72A8B02C17EF498100F606A3 /* dn.png in Resources */,
				260D188917A34194007D0044 /* icn_72x72.png in Resources */,
				72A8B02D17EF498100F606A3 /* left.png in Resources */,
				260D188B17A34199007D0044 /* icn_144x144.png in Resources */,
			);
			runOnlyForDeploymentPostprocessing = 0;
		};
/* End PBXResourcesBuildPhase section */

/* Begin PBXSourcesBuildPhase section */
		2654D1DA179893350024266A /* Sources */ = {
			isa = PBXSourcesBuildPhase;
			buildActionMask = 2147483647;
			files = (
				2654D1EE179893350024266A /* main.m in Sources */,
				2654D1F2179893350024266A /* AppDelegate.m in Sources */,
				2654D208179893350024266A /* StatusViewController.m in Sources */,
				2654D214179894260024266A /* RemoteViewController.m in Sources */,
				2654D21717989EF40024266A /* SensorsController.m in Sources */,
				2654D21A17989F0C0024266A /* TellySensor.m in Sources */,
				2654D21D1798A4D50024266A /* Utils.m in Sources */,
			);
			runOnlyForDeploymentPostprocessing = 0;
		};
/* End PBXSourcesBuildPhase section */

/* Begin PBXVariantGroup section */
		2654D1EA179893350024266A /* InfoPlist.strings */ = {
			isa = PBXVariantGroup;
			children = (
				2654D1EB179893350024266A /* en */,
			);
			name = InfoPlist.strings;
			sourceTree = "<group>";
		};
		2654D1F9179893350024266A /* MainStoryboard_iPhone.storyboard */ = {
			isa = PBXVariantGroup;
			children = (
				2654D1FA179893350024266A /* en */,
			);
			name = MainStoryboard_iPhone.storyboard;
			sourceTree = "<group>";
		};
/* End PBXVariantGroup section */

/* Begin XCBuildConfiguration section */
		2654D20D179893350024266A /* Debug */ = {
			isa = XCBuildConfiguration;
			buildSettings = {
				ALWAYS_SEARCH_USER_PATHS = NO;
				CLANG_CXX_LANGUAGE_STANDARD = "gnu++0x";
				CLANG_CXX_LIBRARY = "libc++";
				CLANG_ENABLE_OBJC_ARC = YES;
				CLANG_WARN_CONSTANT_CONVERSION = YES;
				CLANG_WARN_EMPTY_BODY = YES;
				CLANG_WARN_ENUM_CONVERSION = YES;
				CLANG_WARN_INT_CONVERSION = YES;
				CLANG_WARN__DUPLICATE_METHOD_MATCH = YES;
				"CODE_SIGN_IDENTITY[sdk=iphoneos*]" = "iPhone Developer";
				COPY_PHASE_STRIP = NO;
				GCC_C_LANGUAGE_STANDARD = gnu99;
				GCC_DYNAMIC_NO_PIC = NO;
				GCC_OPTIMIZATION_LEVEL = 0;
				GCC_PREPROCESSOR_DEFINITIONS = (
					"DEBUG=1",
					"$(inherited)",
				);
				GCC_SYMBOLS_PRIVATE_EXTERN = NO;
				GCC_WARN_ABOUT_RETURN_TYPE = YES;
				GCC_WARN_UNINITIALIZED_AUTOS = YES;
				GCC_WARN_UNUSED_VARIABLE = YES;
				IPHONEOS_DEPLOYMENT_TARGET = 6.1;
				ONLY_ACTIVE_ARCH = YES;
				SDKROOT = iphoneos;
				TARGETED_DEVICE_FAMILY = "1,2";
			};
			name = Debug;
		};
		2654D20E179893350024266A /* Release */ = {
			isa = XCBuildConfiguration;
			buildSettings = {
				ALWAYS_SEARCH_USER_PATHS = NO;
				CLANG_CXX_LANGUAGE_STANDARD = "gnu++0x";
				CLANG_CXX_LIBRARY = "libc++";
				CLANG_ENABLE_OBJC_ARC = YES;
				CLANG_WARN_CONSTANT_CONVERSION = YES;
				CLANG_WARN_EMPTY_BODY = YES;
				CLANG_WARN_ENUM_CONVERSION = YES;
				CLANG_WARN_INT_CONVERSION = YES;
				CLANG_WARN__DUPLICATE_METHOD_MATCH = YES;
				"CODE_SIGN_IDENTITY[sdk=iphoneos*]" = "iPhone Developer";
				COPY_PHASE_STRIP = YES;
				GCC_C_LANGUAGE_STANDARD = gnu99;
				GCC_WARN_ABOUT_RETURN_TYPE = YES;
				GCC_WARN_UNINITIALIZED_AUTOS = YES;
				GCC_WARN_UNUSED_VARIABLE = YES;
				IPHONEOS_DEPLOYMENT_TARGET = 6.1;
				OTHER_CFLAGS = "-DNS_BLOCK_ASSERTIONS=1";
				SDKROOT = iphoneos;
				TARGETED_DEVICE_FAMILY = "1,2";
				VALIDATE_PRODUCT = YES;
			};
			name = Release;
		};
		2654D210179893350024266A /* Debug */ = {
			isa = XCBuildConfiguration;
			buildSettings = {
				ASSETCATALOG_COMPILER_APPICON_NAME = AppIcon;
				ASSETCATALOG_COMPILER_LAUNCHIMAGE_NAME = LaunchImage;
				GCC_PRECOMPILE_PREFIX_HEADER = YES;
				GCC_PREFIX_HEADER = "BLE-REMOTE/BLE-REMOTE-Prefix.pch";
				INFOPLIST_FILE = "BLE-REMOTE/BLE-REMOTE-Info.plist";
				PRODUCT_NAME = "$(TARGET_NAME)";
				TARGETED_DEVICE_FAMILY = 1;
				WRAPPER_EXTENSION = app;
			};
			name = Debug;
		};
		2654D211179893350024266A /* Release */ = {
			isa = XCBuildConfiguration;
			buildSettings = {
				ASSETCATALOG_COMPILER_APPICON_NAME = AppIcon;
				ASSETCATALOG_COMPILER_LAUNCHIMAGE_NAME = LaunchImage;
				GCC_PRECOMPILE_PREFIX_HEADER = YES;
				GCC_PREFIX_HEADER = "BLE-REMOTE/BLE-REMOTE-Prefix.pch";
				INFOPLIST_FILE = "BLE-REMOTE/BLE-REMOTE-Info.plist";
				PRODUCT_NAME = "$(TARGET_NAME)";
				TARGETED_DEVICE_FAMILY = 1;
				WRAPPER_EXTENSION = app;
			};
			name = Release;
		};
/* End XCBuildConfiguration section */

/* Begin XCConfigurationList section */
		2654D1D9179893350024266A /* Build configuration list for PBXProject "BLE-REMOTE" */ = {
			isa = XCConfigurationList;
			buildConfigurations = (
				2654D20D179893350024266A /* Debug */,
				2654D20E179893350024266A /* Release */,
			);
			defaultConfigurationIsVisible = 0;
			defaultConfigurationName = Release;
		};
		2654D20F179893350024266A /* Build configuration list for PBXNativeTarget "BLE-REMOTE" */ = {
			isa = XCConfigurationList;
			buildConfigurations = (
				2654D210179893350024266A /* Debug */,
				2654D211179893350024266A /* Release */,
			);
			defaultConfigurationIsVisible = 0;
			defaultConfigurationName = Release;
		};
/* End XCConfigurationList section */
	};
	rootObject = 2654D1D6179893350024266A /* Project object */;
}
